
Microsoft Visual Studio Solution File, Format Version 12.00
# Visual Studio Version 16
VisualStudioVersion = 16.0.30523.141
MinimumVisualStudioVersion = 10.0.40219.1
Project("{9A19103F-16F7-4668-BE54-9A1E7A4F7556}") = "PeoductCRUD", "PeoductCRUD\PeoductCRUD.csproj", "{90130702-F817-4C28-89FE-240ADDAB17BC}"
EndProject
Global
	GlobalSection(SolutionConfigurationPlatforms) = preSolution
		Debug|Any CPU = Debug|Any CPU
		Release|Any CPU = Release|Any CPU
	EndGlobalSection
	GlobalSection(ProjectConfigurationPlatforms) = postSolution
		{90130702-F817-4C28-89FE-240ADDAB17BC}.Debug|Any CPU.ActiveCfg = Debug|Any CPU
		{90130702-F817-4C28-89FE-240ADDAB17BC}.Debug|Any CPU.Build.0 = Debug|Any CPU
		{90130702-F817-4C28-89FE-240ADDAB17BC}.Release|Any CPU.ActiveCfg = Release|Any CPU
		{90130702-F817-4C28-89FE-240ADDAB17BC}.Release|Any CPU.Build.0 = Release|Any CPU
	EndGlobalSection
	GlobalSection(SolutionProperties) = preSolution
		HideSolutionNode = FALSE
	EndGlobalSection
	GlobalSection(ExtensibilityGlobals) = postSolution
		SolutionGuid = {D3C21F48-B519-4793-AF61-9288A7709CFA}
	EndGlobalSection
EndGlobal
